
Microsoft Visual Studio Solution File, Format Version 12.00
Project("{FAE04EC0-301F-11D3-BF4B-00C04F79EFBC}") = "Leetcode", "Leetcode\Leetcode.csproj", "{61FE8407-33DC-4730-926F-D7750282187E}"
EndProject
Project("{FAE04EC0-301F-11D3-BF4B-00C04F79EFBC}") = "LeetCode.Tests", "LeetCode.Tests\LeetCode.Tests.csproj", "{DB8A799E-1E4B-4936-890A-DE13D2EFB508}"
EndProject
Project("{FAE04EC0-301F-11D3-BF4B-00C04F79EFBC}") = "LeetCode.Shared", "LeetCode.Shared\LeetCode.Shared.csproj", "{237A0E55-4D05-4C2F-A8F0-2477A87CD3E3}"
EndProject
Project("{FAE04EC0-301F-11D3-BF4B-00C04F79EFBC}") = "LeetCode.Playground", "LeetCode.Playground\LeetCode.Playground.csproj", "{7ED3EC0B-CB88-4FFD-A23C-4D57F54F58CE}"
EndProject
Global
	GlobalSection(SolutionConfigurationPlatforms) = preSolution
		Debug|Any CPU = Debug|Any CPU
		Release|Any CPU = Release|Any CPU
	EndGlobalSection
	GlobalSection(ProjectConfigurationPlatforms) = postSolution
		{61FE8407-33DC-4730-926F-D7750282187E}.Debug|Any CPU.ActiveCfg = Debug|Any CPU
		{61FE8407-33DC-4730-926F-D7750282187E}.Debug|Any CPU.Build.0 = Debug|Any CPU
		{61FE8407-33DC-4730-926F-D7750282187E}.Release|Any CPU.ActiveCfg = Release|Any CPU
		{61FE8407-33DC-4730-926F-D7750282187E}.Release|Any CPU.Build.0 = Release|Any CPU
		{DB8A799E-1E4B-4936-890A-DE13D2EFB508}.Debug|Any CPU.ActiveCfg = Debug|Any CPU
		{DB8A799E-1E4B-4936-890A-DE13D2EFB508}.Debug|Any CPU.Build.0 = Debug|Any CPU
		{DB8A799E-1E4B-4936-890A-DE13D2EFB508}.Release|Any CPU.ActiveCfg = Release|Any CPU
		{DB8A799E-1E4B-4936-890A-DE13D2EFB508}.Release|Any CPU.Build.0 = Release|Any CPU
		{237A0E55-4D05-4C2F-A8F0-2477A87CD3E3}.Debug|Any CPU.ActiveCfg = Debug|Any CPU
		{237A0E55-4D05-4C2F-A8F0-2477A87CD3E3}.Debug|Any CPU.Build.0 = Debug|Any CPU
		{237A0E55-4D05-4C2F-A8F0-2477A87CD3E3}.Release|Any CPU.ActiveCfg = Release|Any CPU
		{237A0E55-4D05-4C2F-A8F0-2477A87CD3E3}.Release|Any CPU.Build.0 = Release|Any CPU
		{7ED3EC0B-CB88-4FFD-A23C-4D57F54F58CE}.Debug|Any CPU.ActiveCfg = Debug|Any CPU
		{7ED3EC0B-CB88-4FFD-A23C-4D57F54F58CE}.Debug|Any CPU.Build.0 = Debug|Any CPU
		{7ED3EC0B-CB88-4FFD-A23C-4D57F54F58CE}.Release|Any CPU.ActiveCfg = Release|Any CPU
		{7ED3EC0B-CB88-4FFD-A23C-4D57F54F58CE}.Release|Any CPU.Build.0 = Release|Any CPU
	EndGlobalSection
EndGlobal
